
Microsoft Visual Studio Solution File, Format Version 12.00
# Visual Studio Version 16
VisualStudioVersion = 16.0.29613.14
MinimumVisualStudioVersion = 10.0.40219.1
Project("{A07B5EB6-E848-4116-A8D0-A826331D98C6}") = "PWP.InvoiceCapture.OCR.ServiceFabric", "PWP.InvoiceCapture.OCR.ServiceFabric\PWP.InvoiceCapture.OCR.ServiceFabric.sfproj", "{B7568649-BF6D-44C0-8BEA-20C372F80265}"
EndProject
Project("{9A19103F-16F7-4668-BE54-9A1E7A4F7556}") = "PWP.InvoiceCapture.OCR.DocumentConversion.Service", "PWP.InvoiceCapture.OCR.DocumentConversion.Service\PWP.InvoiceCapture.OCR.DocumentConversion.Service.csproj", "{47726CEC-1608-4E2B-B78E-783F0C7C91BC}"
EndProject
Project("{9A19103F-16F7-4668-BE54-9A1E7A4F7556}") = "PWP.InvoiceCapture.OCR.Recognition.Service", "PWP.InvoiceCapture.OCR.Recognition.Service\PWP.InvoiceCapture.OCR.Recognition.Service.csproj", "{8077B119-CDF0-470C-BBC0-B80B567370B0}"
EndProject
Project("{9A19103F-16F7-4668-BE54-9A1E7A4F7556}") = "PWP.InvoiceCapture.OCR.DataAnalysis.Service", "PWP.InvoiceCapture.OCR.DataAnalysis.Service\PWP.InvoiceCapture.OCR.DataAnalysis.Service.csproj", "{46BD8593-C6B6-4510-9424-DE6761D5EBB9}"
EndProject
Project("{2150E333-8FDC-42A3-9474-1A3956D46DE8}") = ".settings", ".settings", "{69568C0F-A954-4D5A-9552-F151CB406737}"
	ProjectSection(SolutionItems) = preProject
		.editorconfig = .editorconfig
		NuGet.Config = NuGet.Config
	EndProjectSection
EndProject
Project("{2150E333-8FDC-42A3-9474-1A3956D46DE8}") = "DocumentConversion", "DocumentConversion", "{908233D4-8506-4EB8-AA60-DC3CD26C54AC}"
EndProject
Project("{2150E333-8FDC-42A3-9474-1A3956D46DE8}") = "Recognition", "Recognition", "{7D383CFE-97E1-44CE-8836-002EEE7E4C2F}"
EndProject
Project("{2150E333-8FDC-42A3-9474-1A3956D46DE8}") = "DataAnalysis", "DataAnalysis", "{3EA1B12D-3A14-44B4-98AE-18A026EA36EE}"
EndProject
Project("{2150E333-8FDC-42A3-9474-1A3956D46DE8}") = "Business", "Business", "{EF624256-F033-4438-A9BB-333C4E00D446}"
EndProject
Project("{2150E333-8FDC-42A3-9474-1A3956D46DE8}") = "Presentation", "Presentation", "{FF769788-EA3F-44A3-9E25-C55FB1D0063B}"
EndProject
Project("{2150E333-8FDC-42A3-9474-1A3956D46DE8}") = "Business", "Business", "{F0F22A4D-6381-422D-B9C2-8C152AD497B9}"
EndProject
Project("{2150E333-8FDC-42A3-9474-1A3956D46DE8}") = "Presentation", "Presentation", "{9F7B2129-F8AA-4E57-A344-8DA34E6820F5}"
EndProject
Project("{2150E333-8FDC-42A3-9474-1A3956D46DE8}") = "Business", "Business", "{44D4576F-E8D7-499D-9C87-8C35FE2A0A60}"
EndProject
Project("{2150E333-8FDC-42A3-9474-1A3956D46DE8}") = "Presentation", "Presentation", "{74661A47-A01C-4CE0-BB43-BB1198CD0E3F}"
EndProject
Project("{9A19103F-16F7-4668-BE54-9A1E7A4F7556}") = "PWP.InvoiceCapture.OCR.DataAnalysis.Business", "PWP.InvoiceCapture.OCR.DataAnalysis.Business\PWP.InvoiceCapture.OCR.DataAnalysis.Business.csproj", "{790C6E35-1A42-49C5-8A96-372816CC9AF3}"
EndProject
Project("{9A19103F-16F7-4668-BE54-9A1E7A4F7556}") = "PWP.InvoiceCapture.OCR.DataAnalysis.Business.Contract", "PWP.InvoiceCapture.OCR.DataAnalysis.Business.Contract\PWP.InvoiceCapture.OCR.DataAnalysis.Business.Contract.csproj", "{8AB74FC2-56C5-40CF-89D9-D032BEE31C1B}"
EndProject
Project("{9A19103F-16F7-4668-BE54-9A1E7A4F7556}") = "PWP.InvoiceCapture.OCR.DataAnalysis.Business.UnitTests", "PWP.InvoiceCapture.OCR.DataAnalysis.Business.UnitTests\PWP.InvoiceCapture.OCR.DataAnalysis.Business.UnitTests.csproj", "{B111A066-7105-4A9A-9EF2-C2181A38A0AC}"
EndProject
Project("{9A19103F-16F7-4668-BE54-9A1E7A4F7556}") = "PWP.InvoiceCapture.OCR.DocumentConversion.Business", "PWP.InvoiceCapture.OCR.DocumentConversion.Business\PWP.InvoiceCapture.OCR.DocumentConversion.Business.csproj", "{57EB301B-1DE7-4465-A7A8-146404C6D9C8}"
EndProject
Project("{9A19103F-16F7-4668-BE54-9A1E7A4F7556}") = "PWP.InvoiceCapture.OCR.DocumentConversion.Business.Contract", "PWP.InvoiceCapture.OCR.DocumentConversion.Business.Contract\PWP.InvoiceCapture.OCR.DocumentConversion.Business.Contract.csproj", "{12498161-2DA0-4141-B244-E5810F5BB6F3}"
EndProject
Project("{9A19103F-16F7-4668-BE54-9A1E7A4F7556}") = "PWP.InvoiceCapture.OCR.DocumentConversion.Business.UnitTests", "PWP.InvoiceCapture.OCR.DocumentConversion.Business.UnitTests\PWP.InvoiceCapture.OCR.DocumentConversion.Business.UnitTests.csproj", "{E8319828-008D-41E3-A485-2B3CEA9E8831}"
EndProject
Project("{9A19103F-16F7-4668-BE54-9A1E7A4F7556}") = "PWP.InvoiceCapture.OCR.Recognition.Business", "PWP.InvoiceCapture.OCR.Recognition.Business\PWP.InvoiceCapture.OCR.Recognition.Business.csproj", "{697E5DE1-2C35-45E8-8845-0EB92A4DA2F5}"
EndProject
Project("{9A19103F-16F7-4668-BE54-9A1E7A4F7556}") = "PWP.InvoiceCapture.OCR.Recognition.Business.Contract", "PWP.InvoiceCapture.OCR.Recognition.Business.Contract\PWP.InvoiceCapture.OCR.Recognition.Business.Contract.csproj", "{C88B8661-4F09-4331-9978-6E07D78BB0C9}"
EndProject
Project("{9A19103F-16F7-4668-BE54-9A1E7A4F7556}") = "PWP.InvoiceCapture.OCR.Recognition.Business.UnitTests", "PWP.InvoiceCapture.OCR.Recognition.Business.UnitTests\PWP.InvoiceCapture.OCR.Recognition.Business.UnitTests.csproj", "{8AB0924B-F90E-496C-8B6A-B73B65478349}"
EndProject
Project("{9A19103F-16F7-4668-BE54-9A1E7A4F7556}") = "PWP.InvoiceCapture.OCR.Recognition.Service.UnitTests", "PWP.InvoiceCapture.OCR.Recognition.Service.UnitTests\PWP.InvoiceCapture.OCR.Recognition.Service.UnitTests.csproj", "{A30CE3ED-4314-43F1-AC3C-FA438AF5CAFA}"
EndProject
Project("{2150E333-8FDC-42A3-9474-1A3956D46DE8}") = "Core", "Core", "{E4EDCC33-B878-4C77-9DE3-6103594BAB20}"
EndProject
Project("{9A19103F-16F7-4668-BE54-9A1E7A4F7556}") = "PWP.InvoiceCapture.OCR.Core", "PWP.InvoiceCapture.OCR.Core\PWP.InvoiceCapture.OCR.Core.csproj", "{E1097214-0050-47FF-BBEC-96037BB8EBF4}"
EndProject
Project("{9A19103F-16F7-4668-BE54-9A1E7A4F7556}") = "PWP.InvoiceCapture.OCR.Core.DataAccess", "PWP.InvoiceCapture.OCR.Core.DataAccess\PWP.InvoiceCapture.OCR.Core.DataAccess.csproj", "{63987D5D-C745-4149-ACA2-D60747880DE9}"
EndProject
Project("{9A19103F-16F7-4668-BE54-9A1E7A4F7556}") = "PWP.InvoiceCapture.OCR.Recognition.DataAccess", "PWP.InvoiceCapture.OCR.Recognition.DataAccess\PWP.InvoiceCapture.OCR.Recognition.DataAccess.csproj", "{3C5419EE-9AB1-428A-BCB1-72D6C0597E5E}"
EndProject
Project("{9A19103F-16F7-4668-BE54-9A1E7A4F7556}") = "PWP.InvoiceCapture.OCR.DataAnalysis.DataAccess", "PWP.InvoiceCapture.OCR.DataAnalysis.DataAccess\PWP.InvoiceCapture.OCR.DataAnalysis.DataAccess.csproj", "{03FB3430-A789-49B9-B77A-6914345624A9}"
EndProject
Project("{9A19103F-16F7-4668-BE54-9A1E7A4F7556}") = "PWP.InvoiceCapture.OCR.Core.FormRecognizer.Client", "PWP.InvoiceCapture.OCR.Core.FormRecognizerClient\PWP.InvoiceCapture.OCR.Core.FormRecognizer.Client.csproj", "{08D67032-E9FC-4AF9-955E-08F840F630B1}"
EndProject
Project("{2150E333-8FDC-42A3-9474-1A3956D46DE8}") = "Tools", "Tools", "{B3A850FB-C352-4C8B-8251-109DA28C39F0}"
EndProject
Project("{9A19103F-16F7-4668-BE54-9A1E7A4F7556}") = "TroubleShootingApp", "TroubleShootingApp\TroubleShootingApp.csproj", "{2CD19841-87DC-4212-BFBB-EC564EEB0356}"
EndProject
Project("{2150E333-8FDC-42A3-9474-1A3956D46DE8}") = "DataAccess", "DataAccess", "{FEFF6131-2211-41F2-9054-BAFCA964A31E}"
EndProject
Project("{2150E333-8FDC-42A3-9474-1A3956D46DE8}") = "DataAccess", "DataAccess", "{BFFA0AB1-AB61-4D0B-A948-42F3CB7E4A63}"
EndProject
Project("{9A19103F-16F7-4668-BE54-9A1E7A4F7556}") = "PWP.InvoiceCapture.OCR.Recognition.DataAccess.UnitTests", "PWP.InvoiceCapture.OCR.Recognition.DataAccess.UnitTests\PWP.InvoiceCapture.OCR.Recognition.DataAccess.UnitTests.csproj", "{2FC3D97B-3D3C-47F8-8016-73D926D57F97}"
EndProject
Project("{9A19103F-16F7-4668-BE54-9A1E7A4F7556}") = "PWP.InvoiceCapture.OCR.DataAnalysis.DataAccess.UnitTests", "PWP.InvoiceCapture.OCR.DataAnalysis.DataAccess.UnitTests\PWP.InvoiceCapture.OCR.DataAnalysis.DataAccess.UnitTests.csproj", "{A948C860-F05F-43FE-97E7-72E8684280F5}"
EndProject
Project("{9A19103F-16F7-4668-BE54-9A1E7A4F7556}") = "PWP.InvoiceCapture.OCR.Core.DataAccess.UnitTests", "PWP.InvoiceCapture.OCR.Core.DataAccess.UnitTests\PWP.InvoiceCapture.OCR.Core.DataAccess.UnitTests.csproj", "{91BD4D96-45E1-4C32-989D-6F9DCE2DAE4B}"
EndProject
Project("{9A19103F-16F7-4668-BE54-9A1E7A4F7556}") = "PWP.InvoiceCapture.OCR.PerformanceTesting.App", "PWP.InvoiceCapture.OCR.PerformanceTesting.App\PWP.InvoiceCapture.OCR.PerformanceTesting.App.csproj", "{AB7BB282-FA54-470D-93F2-62687DB6B980}"
EndProject
Project("{9A19103F-16F7-4668-BE54-9A1E7A4F7556}") = "PWP.InvoiceCapture.OCR.DataAnalysis.API", "PWP.InvoiceCapture.OCR.DataAnalysis.API\PWP.InvoiceCapture.OCR.DataAnalysis.API.csproj", "{BE1005B1-F1EE-4B5D-953C-38E09C2FE710}"
EndProject
Project("{9A19103F-16F7-4668-BE54-9A1E7A4F7556}") = "PWP.InvoiceCapture.OCR.DataAnalysis.API.UnitTests", "PWP.InvoiceCapture.OCR.DataAnalysis.API.UnitTests\PWP.InvoiceCapture.OCR.DataAnalysis.API.UnitTests.csproj", "{1D3248FE-33F0-42F5-9115-E849EE863D35}"
EndProject
Project("{FAE04EC0-301F-11D3-BF4B-00C04F79EFBC}") = "InvoiceAnnotationJsonMigrator", "InvoiceAnnotationJsonMigrator\InvoiceAnnotationJsonMigrator.csproj", "{B330D1E8-CC3B-4D48-8C40-D851FFC20420}"
EndProject
Global
	GlobalSection(SolutionConfigurationPlatforms) = preSolution
		Debug|Any CPU = Debug|Any CPU
		Debug|x64 = Debug|x64
		Release|Any CPU = Release|Any CPU
		Release|x64 = Release|x64
	EndGlobalSection
	GlobalSection(ProjectConfigurationPlatforms) = postSolution
		{B7568649-BF6D-44C0-8BEA-20C372F80265}.Debug|Any CPU.ActiveCfg = Debug|x64
		{B7568649-BF6D-44C0-8BEA-20C372F80265}.Debug|Any CPU.Build.0 = Debug|x64
		{B7568649-BF6D-44C0-8BEA-20C372F80265}.Debug|Any CPU.Deploy.0 = Debug|x64
		{B7568649-BF6D-44C0-8BEA-20C372F80265}.Debug|x64.ActiveCfg = Debug|x64
		{B7568649-BF6D-44C0-8BEA-20C372F80265}.Debug|x64.Build.0 = Debug|x64
		{B7568649-BF6D-44C0-8BEA-20C372F80265}.Debug|x64.Deploy.0 = Debug|x64
		{B7568649-BF6D-44C0-8BEA-20C372F80265}.Release|Any CPU.ActiveCfg = Release|x64
		{B7568649-BF6D-44C0-8BEA-20C372F80265}.Release|Any CPU.Build.0 = Release|x64
		{B7568649-BF6D-44C0-8BEA-20C372F80265}.Release|Any CPU.Deploy.0 = Release|x64
		{B7568649-BF6D-44C0-8BEA-20C372F80265}.Release|x64.ActiveCfg = Release|x64
		{B7568649-BF6D-44C0-8BEA-20C372F80265}.Release|x64.Build.0 = Release|x64
		{B7568649-BF6D-44C0-8BEA-20C372F80265}.Release|x64.Deploy.0 = Release|x64
		{47726CEC-1608-4E2B-B78E-783F0C7C91BC}.Debug|Any CPU.ActiveCfg = Debug|x64
		{47726CEC-1608-4E2B-B78E-783F0C7C91BC}.Debug|Any CPU.Build.0 = Debug|x64
		{47726CEC-1608-4E2B-B78E-783F0C7C91BC}.Debug|x64.ActiveCfg = Debug|x64
		{47726CEC-1608-4E2B-B78E-783F0C7C91BC}.Debug|x64.Build.0 = Debug|x64
		{47726CEC-1608-4E2B-B78E-783F0C7C91BC}.Release|Any CPU.ActiveCfg = Release|x64
		{47726CEC-1608-4E2B-B78E-783F0C7C91BC}.Release|Any CPU.Build.0 = Release|x64
		{47726CEC-1608-4E2B-B78E-783F0C7C91BC}.Release|x64.ActiveCfg = Release|x64
		{47726CEC-1608-4E2B-B78E-783F0C7C91BC}.Release|x64.Build.0 = Release|x64
		{8077B119-CDF0-470C-BBC0-B80B567370B0}.Debug|Any CPU.ActiveCfg = Debug|x64
		{8077B119-CDF0-470C-BBC0-B80B567370B0}.Debug|Any CPU.Build.0 = Debug|x64
		{8077B119-CDF0-470C-BBC0-B80B567370B0}.Debug|x64.ActiveCfg = Debug|x64
		{8077B119-CDF0-470C-BBC0-B80B567370B0}.Debug|x64.Build.0 = Debug|x64
		{8077B119-CDF0-470C-BBC0-B80B567370B0}.Release|Any CPU.ActiveCfg = Release|x64
		{8077B119-CDF0-470C-BBC0-B80B567370B0}.Release|Any CPU.Build.0 = Release|x64
		{8077B119-CDF0-470C-BBC0-B80B567370B0}.Release|x64.ActiveCfg = Release|x64
		{8077B119-CDF0-470C-BBC0-B80B567370B0}.Release|x64.Build.0 = Release|x64
		{46BD8593-C6B6-4510-9424-DE6761D5EBB9}.Debug|Any CPU.ActiveCfg = Debug|x64
		{46BD8593-C6B6-4510-9424-DE6761D5EBB9}.Debug|Any CPU.Build.0 = Debug|x64
		{46BD8593-C6B6-4510-9424-DE6761D5EBB9}.Debug|x64.ActiveCfg = Debug|x64
		{46BD8593-C6B6-4510-9424-DE6761D5EBB9}.Debug|x64.Build.0 = Debug|x64
		{46BD8593-C6B6-4510-9424-DE6761D5EBB9}.Release|Any CPU.ActiveCfg = Release|x64
		{46BD8593-C6B6-4510-9424-DE6761D5EBB9}.Release|Any CPU.Build.0 = Release|x64
		{46BD8593-C6B6-4510-9424-DE6761D5EBB9}.Release|x64.ActiveCfg = Release|x64
		{46BD8593-C6B6-4510-9424-DE6761D5EBB9}.Release|x64.Build.0 = Release|x64
		{790C6E35-1A42-49C5-8A96-372816CC9AF3}.Debug|Any CPU.ActiveCfg = Debug|x64
		{790C6E35-1A42-49C5-8A96-372816CC9AF3}.Debug|Any CPU.Build.0 = Debug|x64
		{790C6E35-1A42-49C5-8A96-372816CC9AF3}.Debug|x64.ActiveCfg = Debug|x64
		{790C6E35-1A42-49C5-8A96-372816CC9AF3}.Debug|x64.Build.0 = Debug|x64
		{790C6E35-1A42-49C5-8A96-372816CC9AF3}.Release|Any CPU.ActiveCfg = Release|x64
		{790C6E35-1A42-49C5-8A96-372816CC9AF3}.Release|Any CPU.Build.0 = Release|x64
		{790C6E35-1A42-49C5-8A96-372816CC9AF3}.Release|x64.ActiveCfg = Release|x64
		{790C6E35-1A42-49C5-8A96-372816CC9AF3}.Release|x64.Build.0 = Release|x64
		{8AB74FC2-56C5-40CF-89D9-D032BEE31C1B}.Debug|Any CPU.ActiveCfg = Debug|x64
		{8AB74FC2-56C5-40CF-89D9-D032BEE31C1B}.Debug|Any CPU.Build.0 = Debug|x64
		{8AB74FC2-56C5-40CF-89D9-D032BEE31C1B}.Debug|x64.ActiveCfg = Debug|x64
		{8AB74FC2-56C5-40CF-89D9-D032BEE31C1B}.Debug|x64.Build.0 = Debug|x64
		{8AB74FC2-56C5-40CF-89D9-D032BEE31C1B}.Release|Any CPU.ActiveCfg = Release|x64
		{8AB74FC2-56C5-40CF-89D9-D032BEE31C1B}.Release|Any CPU.Build.0 = Release|x64
		{8AB74FC2-56C5-40CF-89D9-D032BEE31C1B}.Release|x64.ActiveCfg = Release|x64
		{8AB74FC2-56C5-40CF-89D9-D032BEE31C1B}.Release|x64.Build.0 = Release|x64
		{B111A066-7105-4A9A-9EF2-C2181A38A0AC}.Debug|Any CPU.ActiveCfg = Debug|x64
		{B111A066-7105-4A9A-9EF2-C2181A38A0AC}.Debug|Any CPU.Build.0 = Debug|x64
		{B111A066-7105-4A9A-9EF2-C2181A38A0AC}.Debug|x64.ActiveCfg = Debug|x64
		{B111A066-7105-4A9A-9EF2-C2181A38A0AC}.Debug|x64.Build.0 = Debug|x64
		{B111A066-7105-4A9A-9EF2-C2181A38A0AC}.Release|Any CPU.ActiveCfg = Release|x64
		{B111A066-7105-4A9A-9EF2-C2181A38A0AC}.Release|Any CPU.Build.0 = Release|x64
		{B111A066-7105-4A9A-9EF2-C2181A38A0AC}.Release|x64.ActiveCfg = Release|x64
		{B111A066-7105-4A9A-9EF2-C2181A38A0AC}.Release|x64.Build.0 = Release|x64
		{57EB301B-1DE7-4465-A7A8-146404C6D9C8}.Debug|Any CPU.ActiveCfg = Debug|x64
		{57EB301B-1DE7-4465-A7A8-146404C6D9C8}.Debug|Any CPU.Build.0 = Debug|x64
		{57EB301B-1DE7-4465-A7A8-146404C6D9C8}.Debug|x64.ActiveCfg = Debug|x64
		{57EB301B-1DE7-4465-A7A8-146404C6D9C8}.Debug|x64.Build.0 = Debug|x64
		{57EB301B-1DE7-4465-A7A8-146404C6D9C8}.Release|Any CPU.ActiveCfg = Release|x64
		{57EB301B-1DE7-4465-A7A8-146404C6D9C8}.Release|Any CPU.Build.0 = Release|x64
		{57EB301B-1DE7-4465-A7A8-146404C6D9C8}.Release|x64.ActiveCfg = Release|x64
		{57EB301B-1DE7-4465-A7A8-146404C6D9C8}.Release|x64.Build.0 = Release|x64
		{12498161-2DA0-4141-B244-E5810F5BB6F3}.Debug|Any CPU.ActiveCfg = Debug|x64
		{12498161-2DA0-4141-B244-E5810F5BB6F3}.Debug|Any CPU.Build.0 = Debug|x64
		{12498161-2DA0-4141-B244-E5810F5BB6F3}.Debug|x64.ActiveCfg = Debug|x64
		{12498161-2DA0-4141-B244-E5810F5BB6F3}.Debug|x64.Build.0 = Debug|x64
		{12498161-2DA0-4141-B244-E5810F5BB6F3}.Release|Any CPU.ActiveCfg = Release|x64
		{12498161-2DA0-4141-B244-E5810F5BB6F3}.Release|Any CPU.Build.0 = Release|x64
		{12498161-2DA0-4141-B244-E5810F5BB6F3}.Release|x64.ActiveCfg = Release|x64
		{12498161-2DA0-4141-B244-E5810F5BB6F3}.Release|x64.Build.0 = Release|x64
		{E8319828-008D-41E3-A485-2B3CEA9E8831}.Debug|Any CPU.ActiveCfg = Debug|x64
		{E8319828-008D-41E3-A485-2B3CEA9E8831}.Debug|Any CPU.Build.0 = Debug|x64
		{E8319828-008D-41E3-A485-2B3CEA9E8831}.Debug|x64.ActiveCfg = Debug|x64
		{E8319828-008D-41E3-A485-2B3CEA9E8831}.Debug|x64.Build.0 = Debug|x64
		{E8319828-008D-41E3-A485-2B3CEA9E8831}.Release|Any CPU.ActiveCfg = Release|x64
		{E8319828-008D-41E3-A485-2B3CEA9E8831}.Release|Any CPU.Build.0 = Release|x64
		{E8319828-008D-41E3-A485-2B3CEA9E8831}.Release|x64.ActiveCfg = Release|x64
		{E8319828-008D-41E3-A485-2B3CEA9E8831}.Release|x64.Build.0 = Release|x64
		{697E5DE1-2C35-45E8-8845-0EB92A4DA2F5}.Debug|Any CPU.ActiveCfg = Debug|x64
		{697E5DE1-2C35-45E8-8845-0EB92A4DA2F5}.Debug|Any CPU.Build.0 = Debug|x64
		{697E5DE1-2C35-45E8-8845-0EB92A4DA2F5}.Debug|x64.ActiveCfg = Debug|x64
		{697E5DE1-2C35-45E8-8845-0EB92A4DA2F5}.Debug|x64.Build.0 = Debug|x64
		{697E5DE1-2C35-45E8-8845-0EB92A4DA2F5}.Release|Any CPU.ActiveCfg = Release|x64
		{697E5DE1-2C35-45E8-8845-0EB92A4DA2F5}.Release|Any CPU.Build.0 = Release|x64
		{697E5DE1-2C35-45E8-8845-0EB92A4DA2F5}.Release|x64.ActiveCfg = Release|x64
		{697E5DE1-2C35-45E8-8845-0EB92A4DA2F5}.Release|x64.Build.0 = Release|x64
		{C88B8661-4F09-4331-9978-6E07D78BB0C9}.Debug|Any CPU.ActiveCfg = Debug|x64
		{C88B8661-4F09-4331-9978-6E07D78BB0C9}.Debug|Any CPU.Build.0 = Debug|x64
		{C88B8661-4F09-4331-9978-6E07D78BB0C9}.Debug|x64.ActiveCfg = Debug|x64
		{C88B8661-4F09-4331-9978-6E07D78BB0C9}.Debug|x64.Build.0 = Debug|x64
		{C88B8661-4F09-4331-9978-6E07D78BB0C9}.Release|Any CPU.ActiveCfg = Release|x64
		{C88B8661-4F09-4331-9978-6E07D78BB0C9}.Release|Any CPU.Build.0 = Release|x64
		{C88B8661-4F09-4331-9978-6E07D78BB0C9}.Release|x64.ActiveCfg = Release|x64
		{C88B8661-4F09-4331-9978-6E07D78BB0C9}.Release|x64.Build.0 = Release|x64
		{8AB0924B-F90E-496C-8B6A-B73B65478349}.Debug|Any CPU.ActiveCfg = Debug|x64
		{8AB0924B-F90E-496C-8B6A-B73B65478349}.Debug|Any CPU.Build.0 = Debug|x64
		{8AB0924B-F90E-496C-8B6A-B73B65478349}.Debug|x64.ActiveCfg = Debug|x64
		{8AB0924B-F90E-496C-8B6A-B73B65478349}.Debug|x64.Build.0 = Debug|x64
		{8AB0924B-F90E-496C-8B6A-B73B65478349}.Release|Any CPU.ActiveCfg = Release|x64
		{8AB0924B-F90E-496C-8B6A-B73B65478349}.Release|Any CPU.Build.0 = Release|x64
		{8AB0924B-F90E-496C-8B6A-B73B65478349}.Release|x64.ActiveCfg = Release|x64
		{8AB0924B-F90E-496C-8B6A-B73B65478349}.Release|x64.Build.0 = Release|x64
		{A30CE3ED-4314-43F1-AC3C-FA438AF5CAFA}.Debug|Any CPU.ActiveCfg = Debug|x64
		{A30CE3ED-4314-43F1-AC3C-FA438AF5CAFA}.Debug|Any CPU.Build.0 = Debug|x64
		{A30CE3ED-4314-43F1-AC3C-FA438AF5CAFA}.Debug|x64.ActiveCfg = Debug|x64
		{A30CE3ED-4314-43F1-AC3C-FA438AF5CAFA}.Debug|x64.Build.0 = Debug|x64
		{A30CE3ED-4314-43F1-AC3C-FA438AF5CAFA}.Release|Any CPU.ActiveCfg = Release|x64
		{A30CE3ED-4314-43F1-AC3C-FA438AF5CAFA}.Release|Any CPU.Build.0 = Release|x64
		{A30CE3ED-4314-43F1-AC3C-FA438AF5CAFA}.Release|x64.ActiveCfg = Release|x64
		{A30CE3ED-4314-43F1-AC3C-FA438AF5CAFA}.Release|x64.Build.0 = Release|x64
		{E1097214-0050-47FF-BBEC-96037BB8EBF4}.Debug|Any CPU.ActiveCfg = Debug|x64
		{E1097214-0050-47FF-BBEC-96037BB8EBF4}.Debug|Any CPU.Build.0 = Debug|x64
		{E1097214-0050-47FF-BBEC-96037BB8EBF4}.Debug|x64.ActiveCfg = Debug|x64
		{E1097214-0050-47FF-BBEC-96037BB8EBF4}.Debug|x64.Build.0 = Debug|x64
		{E1097214-0050-47FF-BBEC-96037BB8EBF4}.Release|Any CPU.ActiveCfg = Release|x64
		{E1097214-0050-47FF-BBEC-96037BB8EBF4}.Release|Any CPU.Build.0 = Release|x64
		{E1097214-0050-47FF-BBEC-96037BB8EBF4}.Release|x64.ActiveCfg = Release|x64
		{E1097214-0050-47FF-BBEC-96037BB8EBF4}.Release|x64.Build.0 = Release|x64
		{63987D5D-C745-4149-ACA2-D60747880DE9}.Debug|Any CPU.ActiveCfg = Debug|x64
		{63987D5D-C745-4149-ACA2-D60747880DE9}.Debug|Any CPU.Build.0 = Debug|x64
		{63987D5D-C745-4149-ACA2-D60747880DE9}.Debug|x64.ActiveCfg = Debug|x64
		{63987D5D-C745-4149-ACA2-D60747880DE9}.Debug|x64.Build.0 = Debug|x64
		{63987D5D-C745-4149-ACA2-D60747880DE9}.Release|Any CPU.ActiveCfg = Release|x64
		{63987D5D-C745-4149-ACA2-D60747880DE9}.Release|Any CPU.Build.0 = Release|x64
		{63987D5D-C745-4149-ACA2-D60747880DE9}.Release|x64.ActiveCfg = Release|x64
		{63987D5D-C745-4149-ACA2-D60747880DE9}.Release|x64.Build.0 = Release|x64
		{3C5419EE-9AB1-428A-BCB1-72D6C0597E5E}.Debug|Any CPU.ActiveCfg = Debug|x64
		{3C5419EE-9AB1-428A-BCB1-72D6C0597E5E}.Debug|Any CPU.Build.0 = Debug|x64
		{3C5419EE-9AB1-428A-BCB1-72D6C0597E5E}.Debug|x64.ActiveCfg = Debug|x64
		{3C5419EE-9AB1-428A-BCB1-72D6C0597E5E}.Debug|x64.Build.0 = Debug|x64
		{3C5419EE-9AB1-428A-BCB1-72D6C0597E5E}.Release|Any CPU.ActiveCfg = Release|x64
		{3C5419EE-9AB1-428A-BCB1-72D6C0597E5E}.Release|Any CPU.Build.0 = Release|x64
		{3C5419EE-9AB1-428A-BCB1-72D6C0597E5E}.Release|x64.ActiveCfg = Release|x64
		{3C5419EE-9AB1-428A-BCB1-72D6C0597E5E}.Release|x64.Build.0 = Release|x64
		{03FB3430-A789-49B9-B77A-6914345624A9}.Debug|Any CPU.ActiveCfg = Debug|x64
		{03FB3430-A789-49B9-B77A-6914345624A9}.Debug|Any CPU.Build.0 = Debug|x64
		{03FB3430-A789-49B9-B77A-6914345624A9}.Debug|x64.ActiveCfg = Debug|x64
		{03FB3430-A789-49B9-B77A-6914345624A9}.Debug|x64.Build.0 = Debug|x64
		{03FB3430-A789-49B9-B77A-6914345624A9}.Release|Any CPU.ActiveCfg = Release|x64
		{03FB3430-A789-49B9-B77A-6914345624A9}.Release|Any CPU.Build.0 = Release|x64
		{03FB3430-A789-49B9-B77A-6914345624A9}.Release|x64.ActiveCfg = Release|x64
		{03FB3430-A789-49B9-B77A-6914345624A9}.Release|x64.Build.0 = Release|x64
		{08D67032-E9FC-4AF9-955E-08F840F630B1}.Debug|Any CPU.ActiveCfg = Debug|x64
		{08D67032-E9FC-4AF9-955E-08F840F630B1}.Debug|Any CPU.Build.0 = Debug|x64
		{08D67032-E9FC-4AF9-955E-08F840F630B1}.Debug|x64.ActiveCfg = Debug|x64
		{08D67032-E9FC-4AF9-955E-08F840F630B1}.Debug|x64.Build.0 = Debug|x64
		{08D67032-E9FC-4AF9-955E-08F840F630B1}.Release|Any CPU.ActiveCfg = Release|x64
		{08D67032-E9FC-4AF9-955E-08F840F630B1}.Release|Any CPU.Build.0 = Release|x64
		{08D67032-E9FC-4AF9-955E-08F840F630B1}.Release|x64.ActiveCfg = Release|x64
		{08D67032-E9FC-4AF9-955E-08F840F630B1}.Release|x64.Build.0 = Release|x64
		{2CD19841-87DC-4212-BFBB-EC564EEB0356}.Debug|Any CPU.ActiveCfg = Debug|x64
		{2CD19841-87DC-4212-BFBB-EC564EEB0356}.Debug|Any CPU.Build.0 = Debug|x64
		{2CD19841-87DC-4212-BFBB-EC564EEB0356}.Debug|x64.ActiveCfg = Debug|x64
		{2CD19841-87DC-4212-BFBB-EC564EEB0356}.Debug|x64.Build.0 = Debug|x64
		{2CD19841-87DC-4212-BFBB-EC564EEB0356}.Release|Any CPU.ActiveCfg = Release|x64
		{2CD19841-87DC-4212-BFBB-EC564EEB0356}.Release|Any CPU.Build.0 = Release|x64
		{2CD19841-87DC-4212-BFBB-EC564EEB0356}.Release|x64.ActiveCfg = Release|x64
		{2CD19841-87DC-4212-BFBB-EC564EEB0356}.Release|x64.Build.0 = Release|x64
		{2FC3D97B-3D3C-47F8-8016-73D926D57F97}.Debug|Any CPU.ActiveCfg = Debug|x64
		{2FC3D97B-3D3C-47F8-8016-73D926D57F97}.Debug|Any CPU.Build.0 = Debug|x64
		{2FC3D97B-3D3C-47F8-8016-73D926D57F97}.Debug|x64.ActiveCfg = Debug|x64
		{2FC3D97B-3D3C-47F8-8016-73D926D57F97}.Debug|x64.Build.0 = Debug|x64
		{2FC3D97B-3D3C-47F8-8016-73D926D57F97}.Release|Any CPU.ActiveCfg = Release|x64
		{2FC3D97B-3D3C-47F8-8016-73D926D57F97}.Release|Any CPU.Build.0 = Release|x64
		{2FC3D97B-3D3C-47F8-8016-73D926D57F97}.Release|x64.ActiveCfg = Release|x64
		{2FC3D97B-3D3C-47F8-8016-73D926D57F97}.Release|x64.Build.0 = Release|x64
		{A948C860-F05F-43FE-97E7-72E8684280F5}.Debug|Any CPU.ActiveCfg = Debug|x64
		{A948C860-F05F-43FE-97E7-72E8684280F5}.Debug|Any CPU.Build.0 = Debug|x64
		{A948C860-F05F-43FE-97E7-72E8684280F5}.Debug|x64.ActiveCfg = Debug|x64
		{A948C860-F05F-43FE-97E7-72E8684280F5}.Debug|x64.Build.0 = Debug|x64
		{A948C860-F05F-43FE-97E7-72E8684280F5}.Release|Any CPU.ActiveCfg = Release|x64
		{A948C860-F05F-43FE-97E7-72E8684280F5}.Release|Any CPU.Build.0 = Release|x64
		{A948C860-F05F-43FE-97E7-72E8684280F5}.Release|x64.ActiveCfg = Release|x64
		{A948C860-F05F-43FE-97E7-72E8684280F5}.Release|x64.Build.0 = Release|x64
		{91BD4D96-45E1-4C32-989D-6F9DCE2DAE4B}.Debug|Any CPU.ActiveCfg = Debug|x64
		{91BD4D96-45E1-4C32-989D-6F9DCE2DAE4B}.Debug|Any CPU.Build.0 = Debug|x64
		{91BD4D96-45E1-4C32-989D-6F9DCE2DAE4B}.Debug|x64.ActiveCfg = Debug|x64
		{91BD4D96-45E1-4C32-989D-6F9DCE2DAE4B}.Debug|x64.Build.0 = Debug|x64
		{91BD4D96-45E1-4C32-989D-6F9DCE2DAE4B}.Release|Any CPU.ActiveCfg = Release|x64
		{91BD4D96-45E1-4C32-989D-6F9DCE2DAE4B}.Release|Any CPU.Build.0 = Release|x64
		{91BD4D96-45E1-4C32-989D-6F9DCE2DAE4B}.Release|x64.ActiveCfg = Release|x64
		{91BD4D96-45E1-4C32-989D-6F9DCE2DAE4B}.Release|x64.Build.0 = Release|x64
		{AB7BB282-FA54-470D-93F2-62687DB6B980}.Debug|Any CPU.ActiveCfg = Debug|x64
		{AB7BB282-FA54-470D-93F2-62687DB6B980}.Debug|Any CPU.Build.0 = Debug|x64
		{AB7BB282-FA54-470D-93F2-62687DB6B980}.Debug|x64.ActiveCfg = Debug|x64
		{AB7BB282-FA54-470D-93F2-62687DB6B980}.Debug|x64.Build.0 = Debug|x64
		{AB7BB282-FA54-470D-93F2-62687DB6B980}.Release|Any CPU.ActiveCfg = Release|x64
		{AB7BB282-FA54-470D-93F2-62687DB6B980}.Release|Any CPU.Build.0 = Release|x64
		{AB7BB282-FA54-470D-93F2-62687DB6B980}.Release|x64.ActiveCfg = Release|x64
		{AB7BB282-FA54-470D-93F2-62687DB6B980}.Release|x64.Build.0 = Release|x64
		{BE1005B1-F1EE-4B5D-953C-38E09C2FE710}.Debug|Any CPU.ActiveCfg = Debug|x64
		{BE1005B1-F1EE-4B5D-953C-38E09C2FE710}.Debug|Any CPU.Build.0 = Debug|x64
		{BE1005B1-F1EE-4B5D-953C-38E09C2FE710}.Debug|x64.ActiveCfg = Debug|x64
		{BE1005B1-F1EE-4B5D-953C-38E09C2FE710}.Debug|x64.Build.0 = Debug|x64
		{BE1005B1-F1EE-4B5D-953C-38E09C2FE710}.Release|Any CPU.ActiveCfg = Release|x64
		{BE1005B1-F1EE-4B5D-953C-38E09C2FE710}.Release|Any CPU.Build.0 = Release|x64
		{BE1005B1-F1EE-4B5D-953C-38E09C2FE710}.Release|x64.ActiveCfg = Release|x64
		{BE1005B1-F1EE-4B5D-953C-38E09C2FE710}.Release|x64.Build.0 = Release|x64
		{1D3248FE-33F0-42F5-9115-E849EE863D35}.Debug|Any CPU.ActiveCfg = Debug|x64
		{1D3248FE-33F0-42F5-9115-E849EE863D35}.Debug|Any CPU.Build.0 = Debug|x64
		{1D3248FE-33F0-42F5-9115-E849EE863D35}.Debug|x64.ActiveCfg = Debug|x64
		{1D3248FE-33F0-42F5-9115-E849EE863D35}.Debug|x64.Build.0 = Debug|x64
		{1D3248FE-33F0-42F5-9115-E849EE863D35}.Release|Any CPU.ActiveCfg = Release|x64
		{1D3248FE-33F0-42F5-9115-E849EE863D35}.Release|Any CPU.Build.0 = Release|x64
		{1D3248FE-33F0-42F5-9115-E849EE863D35}.Release|x64.ActiveCfg = Release|x64
		{1D3248FE-33F0-42F5-9115-E849EE863D35}.Release|x64.Build.0 = Release|x64
		{B330D1E8-CC3B-4D48-8C40-D851FFC20420}.Debug|Any CPU.ActiveCfg = Debug|Any CPU
		{B330D1E8-CC3B-4D48-8C40-D851FFC20420}.Debug|Any CPU.Build.0 = Debug|Any CPU
		{B330D1E8-CC3B-4D48-8C40-D851FFC20420}.Debug|x64.ActiveCfg = Debug|Any CPU
		{B330D1E8-CC3B-4D48-8C40-D851FFC20420}.Debug|x64.Build.0 = Debug|Any CPU
		{B330D1E8-CC3B-4D48-8C40-D851FFC20420}.Release|Any CPU.ActiveCfg = Release|Any CPU
		{B330D1E8-CC3B-4D48-8C40-D851FFC20420}.Release|Any CPU.Build.0 = Release|Any CPU
		{B330D1E8-CC3B-4D48-8C40-D851FFC20420}.Release|x64.ActiveCfg = Release|Any CPU
		{B330D1E8-CC3B-4D48-8C40-D851FFC20420}.Release|x64.Build.0 = Release|Any CPU
	EndGlobalSection
	GlobalSection(SolutionProperties) = preSolution
		HideSolutionNode = FALSE
	EndGlobalSection
	GlobalSection(NestedProjects) = preSolution
		{47726CEC-1608-4E2B-B78E-783F0C7C91BC} = {9F7B2129-F8AA-4E57-A344-8DA34E6820F5}
		{8077B119-CDF0-470C-BBC0-B80B567370B0} = {FF769788-EA3F-44A3-9E25-C55FB1D0063B}
		{46BD8593-C6B6-4510-9424-DE6761D5EBB9} = {74661A47-A01C-4CE0-BB43-BB1198CD0E3F}
		{EF624256-F033-4438-A9BB-333C4E00D446} = {7D383CFE-97E1-44CE-8836-002EEE7E4C2F}
		{FF769788-EA3F-44A3-9E25-C55FB1D0063B} = {7D383CFE-97E1-44CE-8836-002EEE7E4C2F}
		{F0F22A4D-6381-422D-B9C2-8C152AD497B9} = {908233D4-8506-4EB8-AA60-DC3CD26C54AC}
		{9F7B2129-F8AA-4E57-A344-8DA34E6820F5} = {908233D4-8506-4EB8-AA60-DC3CD26C54AC}
		{44D4576F-E8D7-499D-9C87-8C35FE2A0A60} = {3EA1B12D-3A14-44B4-98AE-18A026EA36EE}
		{74661A47-A01C-4CE0-BB43-BB1198CD0E3F} = {3EA1B12D-3A14-44B4-98AE-18A026EA36EE}
		{790C6E35-1A42-49C5-8A96-372816CC9AF3} = {44D4576F-E8D7-499D-9C87-8C35FE2A0A60}
		{8AB74FC2-56C5-40CF-89D9-D032BEE31C1B} = {44D4576F-E8D7-499D-9C87-8C35FE2A0A60}
		{B111A066-7105-4A9A-9EF2-C2181A38A0AC} = {44D4576F-E8D7-499D-9C87-8C35FE2A0A60}
		{57EB301B-1DE7-4465-A7A8-146404C6D9C8} = {F0F22A4D-6381-422D-B9C2-8C152AD497B9}
		{12498161-2DA0-4141-B244-E5810F5BB6F3} = {F0F22A4D-6381-422D-B9C2-8C152AD497B9}
		{E8319828-008D-41E3-A485-2B3CEA9E8831} = {F0F22A4D-6381-422D-B9C2-8C152AD497B9}
		{697E5DE1-2C35-45E8-8845-0EB92A4DA2F5} = {EF624256-F033-4438-A9BB-333C4E00D446}
		{C88B8661-4F09-4331-9978-6E07D78BB0C9} = {EF624256-F033-4438-A9BB-333C4E00D446}
		{8AB0924B-F90E-496C-8B6A-B73B65478349} = {EF624256-F033-4438-A9BB-333C4E00D446}
		{A30CE3ED-4314-43F1-AC3C-FA438AF5CAFA} = {FF769788-EA3F-44A3-9E25-C55FB1D0063B}
		{E1097214-0050-47FF-BBEC-96037BB8EBF4} = {E4EDCC33-B878-4C77-9DE3-6103594BAB20}
		{63987D5D-C745-4149-ACA2-D60747880DE9} = {E4EDCC33-B878-4C77-9DE3-6103594BAB20}
		{3C5419EE-9AB1-428A-BCB1-72D6C0597E5E} = {BFFA0AB1-AB61-4D0B-A948-42F3CB7E4A63}
		{03FB3430-A789-49B9-B77A-6914345624A9} = {FEFF6131-2211-41F2-9054-BAFCA964A31E}
		{08D67032-E9FC-4AF9-955E-08F840F630B1} = {E4EDCC33-B878-4C77-9DE3-6103594BAB20}
		{2CD19841-87DC-4212-BFBB-EC564EEB0356} = {B3A850FB-C352-4C8B-8251-109DA28C39F0}
		{FEFF6131-2211-41F2-9054-BAFCA964A31E} = {3EA1B12D-3A14-44B4-98AE-18A026EA36EE}
		{BFFA0AB1-AB61-4D0B-A948-42F3CB7E4A63} = {7D383CFE-97E1-44CE-8836-002EEE7E4C2F}
		{2FC3D97B-3D3C-47F8-8016-73D926D57F97} = {BFFA0AB1-AB61-4D0B-A948-42F3CB7E4A63}
		{A948C860-F05F-43FE-97E7-72E8684280F5} = {FEFF6131-2211-41F2-9054-BAFCA964A31E}
		{91BD4D96-45E1-4C32-989D-6F9DCE2DAE4B} = {E4EDCC33-B878-4C77-9DE3-6103594BAB20}
		{AB7BB282-FA54-470D-93F2-62687DB6B980} = {B3A850FB-C352-4C8B-8251-109DA28C39F0}
		{BE1005B1-F1EE-4B5D-953C-38E09C2FE710} = {74661A47-A01C-4CE0-BB43-BB1198CD0E3F}
		{1D3248FE-33F0-42F5-9115-E849EE863D35} = {74661A47-A01C-4CE0-BB43-BB1198CD0E3F}
		{B330D1E8-CC3B-4D48-8C40-D851FFC20420} = {B3A850FB-C352-4C8B-8251-109DA28C39F0}
	EndGlobalSection
	GlobalSection(ExtensibilityGlobals) = postSolution
		SolutionGuid = {5CFBB1C0-ADC5-4AF0-8CC1-D42AC97FA8D3}
	EndGlobalSection
EndGlobal
